// !$*UTF8*$!
{
	archiveVersion = 1;
	classes = {
	};
	objectVersion = 77;
	objects = {

/* Begin PBXContainerItemProxy section */
		C866D91E2DE1BCB600E230A9 /* PBXContainerItemProxy */ = {
			isa = PBXContainerItemProxy;
			containerPortal = C866D9072DE1BCB400E230A9 /* Project object */;
			proxyType = 1;
			remoteGlobalIDString = C866D90E2DE1BCB400E230A9;
			remoteInfo = "Task Calendar";
		};
		C866D9282DE1BCB600E230A9 /* PBXContainerItemProxy */ = {
			isa = PBXContainerItemProxy;
			containerPortal = C866D9072DE1BCB400E230A9 /* Project object */;
			proxyType = 1;
			remoteGlobalIDString = C866D90E2DE1BCB400E230A9;
			remoteInfo = "Task Calendar";
		};
/* End PBXContainerItemProxy section */

/* Begin PBXFileReference section */
		C866D90F2DE1BCB400E230A9 /* Task Calendar.app */ = {isa = PBXFileReference; explicitFileType = wrapper.application; includeInIndex = 0; path = "Task Calendar.app"; sourceTree = BUILT_PRODUCTS_DIR; };
		C866D91D2DE1BCB600E230A9 /* Task CalendarTests.xctest */ = {isa = PBXFileReference; explicitFileType = wrapper.cfbundle; includeInIndex = 0; path = "Task CalendarTests.xctest"; sourceTree = BUILT_PRODUCTS_DIR; };
		C866D9272DE1BCB600E230A9 /* Task CalendarUITests.xctest */ = {isa = PBXFileReference; explicitFileType = wrapper.cfbundle; includeInIndex = 0; path = "Task CalendarUITests.xctest"; sourceTree = BUILT_PRODUCTS_DIR; };
/* End PBXFileReference section */

/* Begin PBXFileSystemSynchronizedRootGroup section */
		C866D9112DE1BCB400E230A9 /* Task Calendar */ = {
			isa = PBXFileSystemSynchronizedRootGroup;
			path = "Task Calendar";
			sourceTree = "<group>";
		};
		C866D9202DE1BCB600E230A9 /* Task CalendarTests */ = {
			isa = PBXFileSystemSynchronizedRootGroup;
			path = "Task CalendarTests";
			sourceTree = "<group>";
		};
		C866D92A2DE1BCB600E230A9 /* Task CalendarUITests */ = {
			isa = PBXFileSystemSynchronizedRootGroup;
			path = "Task CalendarUITests";
			sourceTree = "<group>";
		};
/* End PBXFileSystemSynchronizedRootGroup section */

/* Begin PBXFrameworksBuildPhase section */
		C866D90C2DE1BCB400E230A9 /* Frameworks */ = {
			isa = PBXFrameworksBuildPhase;
			buildActionMask = 2147483647;
			files = (
			);
			runOnlyForDeploymentPostprocessing = 0;
		};
		C866D91A2DE1BCB600E230A9 /* Frameworks */ = {
			isa = PBXFrameworksBuildPhase;
			buildActionMask = 2147483647;
			files = (
			);
			runOnlyForDeploymentPostprocessing = 0;
		};
		C866D9242DE1BCB600E230A9 /* Frameworks */ = {
			isa = PBXFrameworksBuildPhase;
			buildActionMask = 2147483647;
			files = (
			);
			runOnlyForDeploymentPostprocessing = 0;
		};
/* End PBXFrameworksBuildPhase section */

/* Begin PBXGroup section */
		C866D9062DE1BCB400E230A9 = {
			isa = PBXGroup;
			children = (
				C866D9112DE1BCB400E230A9 /* Task Calendar */,
				C866D9202DE1BCB600E230A9 /* Task CalendarTests */,
				C866D92A2DE1BCB600E230A9 /* Task CalendarUITests */,
				C866D9102DE1BCB400E230A9 /* Products */,
			);
			sourceTree = "<group>";
		};
		C866D9102DE1BCB400E230A9 /* Products */ = {
			isa = PBXGroup;
			children = (
				C866D90F2DE1BCB400E230A9 /* Task Calendar.app */,
				C866D91D2DE1BCB600E230A9 /* Task CalendarTests.xctest */,
				C866D9272DE1BCB600E230A9 /* Task CalendarUITests.xctest */,
			);
			name = Products;
			sourceTree = "<group>";
		};
/* End PBXGroup section */

/* Begin PBXNativeTarget section */
		C866D90E2DE1BCB400E230A9 /* Task Calendar */ = {
			isa = PBXNativeTarget;
			buildConfigurationList = C866D9312DE1BCB600E230A9 /* Build configuration list for PBXNativeTarget "Task Calendar" */;
			buildPhases = (
				C866D90B2DE1BCB400E230A9 /* Sources */,
				C866D90C2DE1BCB400E230A9 /* Frameworks */,
				C866D90D2DE1BCB400E230A9 /* Resources */,
			);
			buildRules = (
			);
			dependencies = (
			);
			fileSystemSynchronizedGroups = (
				C866D9112DE1BCB400E230A9 /* Task Calendar */,
			);
			name = "Task Calendar";
			packageProductDependencies = (
			);
			productName = "Task Calendar";
			productReference = C866D90F2DE1BCB400E230A9 /* Task Calendar.app */;
			productType = "com.apple.product-type.application";
		};
		C866D91C2DE1BCB600E230A9 /* Task CalendarTests */ = {
			isa = PBXNativeTarget;
			buildConfigurationList = C866D9342DE1BCB600E230A9 /* Build configuration list for PBXNativeTarget "Task CalendarTests" */;
			buildPhases = (
				C866D9192DE1BCB600E230A9 /* Sources */,
				C866D91A2DE1BCB600E230A9 /* Frameworks */,
				C866D91B2DE1BCB600E230A9 /* Resources */,
			);
			buildRules = (
			);
			dependencies = (
				C866D91F2DE1BCB600E230A9 /* PBXTargetDependency */,
			);
			fileSystemSynchronizedGroups = (
				C866D9202DE1BCB600E230A9 /* Task CalendarTests */,
			);
			name = "Task CalendarTests";
			packageProductDependencies = (
			);
			productName = "Task CalendarTests";
			productReference = C866D91D2DE1BCB600E230A9 /* Task CalendarTests.xctest */;
			productType = "com.apple.product-type.bundle.unit-test";
		};
		C866D9262DE1BCB600E230A9 /* Task CalendarUITests */ = {
			isa = PBXNativeTarget;
			buildConfigurationList = C866D9372DE1BCB600E230A9 /* Build configuration list for PBXNativeTarget "Task CalendarUITests" */;
			buildPhases = (
				C866D9232DE1BCB600E230A9 /* Sources */,
				C866D9242DE1BCB600E230A9 /* Frameworks */,
				C866D9252DE1BCB600E230A9 /* Resources */,
			);
			buildRules = (
			);
			dependencies = (
				C866D9292DE1BCB600E230A9 /* PBXTargetDependency */,
			);
			fileSystemSynchronizedGroups = (
				C866D92A2DE1BCB600E230A9 /* Task CalendarUITests */,
			);
			name = "Task CalendarUITests";
			packageProductDependencies = (
			);
			productName = "Task CalendarUITests";
			productReference = C866D9272DE1BCB600E230A9 /* Task CalendarUITests.xctest */;
			productType = "com.apple.product-type.bundle.ui-testing";
		};
/* End PBXNativeTarget section */

/* Begin PBXProject section */
		C866D9072DE1BCB400E230A9 /* Project object */ = {
			isa = PBXProject;
			attributes = {
				BuildIndependentTargetsInParallel = 1;
				LastSwiftUpdateCheck = 1630;
				LastUpgradeCheck = 1630;
				TargetAttributes = {
					C866D90E2DE1BCB400E230A9 = {
						CreatedOnToolsVersion = 16.3;
					};
					C866D91C2DE1BCB600E230A9 = {
						CreatedOnToolsVersion = 16.3;
						TestTargetID = C866D90E2DE1BCB400E230A9;
					};
					C866D9262DE1BCB600E230A9 = {
						CreatedOnToolsVersion = 16.3;
						TestTargetID = C866D90E2DE1BCB400E230A9;
					};
				};
			};
			buildConfigurationList = C866D90A2DE1BCB400E230A9 /* Build configuration list for PBXProject "Task Calendar" */;
			developmentRegion = en;
			hasScannedForEncodings = 0;
			knownRegions = (
				en,
				Base,
			);
			mainGroup = C866D9062DE1BCB400E230A9;
			minimizedProjectReferenceProxies = 1;
			preferredProjectObjectVersion = 77;
			productRefGroup = C866D9102DE1BCB400E230A9 /* Products */;
			projectDirPath = "";
			projectRoot = "";
			targets = (
				C866D90E2DE1BCB400E230A9 /* Task Calendar */,
				C866D91C2DE1BCB600E230A9 /* Task CalendarTests */,
				C866D9262DE1BCB600E230A9 /* Task CalendarUITests */,
			);
		};
/* End PBXProject section */

/* Begin PBXResourcesBuildPhase section */
		C866D90D2DE1BCB400E230A9 /* Resources */ = {
			isa = PBXResourcesBuildPhase;
			buildActionMask = 2147483647;
			files = (
			);
			runOnlyForDeploymentPostprocessing = 0;
		};
		C866D91B2DE1BCB600E230A9 /* Resources */ = {
			isa = PBXResourcesBuildPhase;
			buildActionMask = 2147483647;
			files = (
			);
			runOnlyForDeploymentPostprocessing = 0;
		};
		C866D9252DE1BCB600E230A9 /* Resources */ = {
			isa = PBXResourcesBuildPhase;
			buildActionMask = 2147483647;
			files = (
			);
			runOnlyForDeploymentPostprocessing = 0;
		};
/* End PBXResourcesBuildPhase section */

/* Begin PBXSourcesBuildPhase section */
		C866D90B2DE1BCB400E230A9 /* Sources */ = {
			isa = PBXSourcesBuildPhase;
			buildActionMask = 2147483647;
			files = (
			);
			runOnlyForDeploymentPostprocessing = 0;
		};
		C866D9192DE1BCB600E230A9 /* Sources */ = {
			isa = PBXSourcesBuildPhase;
			buildActionMask = 2147483647;
			files = (
			);
			runOnlyForDeploymentPostprocessing = 0;
		};
		C866D9232DE1BCB600E230A9 /* Sources */ = {
			isa = PBXSourcesBuildPhase;
			buildActionMask = 2147483647;
			files = (
			);
			runOnlyForDeploymentPostprocessing = 0;
		};
/* End PBXSourcesBuildPhase section */

/* Begin PBXTargetDependency section */
		C866D91F2DE1BCB600E230A9 /* PBXTargetDependency */ = {
			isa = PBXTargetDependency;
			target = C866D90E2DE1BCB400E230A9 /* Task Calendar */;
			targetProxy = C866D91E2DE1BCB600E230A9 /* PBXContainerItemProxy */;
		};
		C866D9292DE1BCB600E230A9 /* PBXTargetDependency */ = {
			isa = PBXTargetDependency;
			target = C866D90E2DE1BCB400E230A9 /* Task Calendar */;
			targetProxy = C866D9282DE1BCB600E230A9 /* PBXContainerItemProxy */;
		};
/* End PBXTargetDependency section */

/* Begin XCBuildConfiguration section */
		C866D92F2DE1BCB600E230A9 /* Debug */ = {
			isa = XCBuildConfiguration;
			buildSettings = {
				ALWAYS_SEARCH_USER_PATHS = NO;
				ASSETCATALOG_COMPILER_GENERATE_SWIFT_ASSET_SYMBOL_EXTENSIONS = YES;
				CLANG_ANALYZER_NONNULL = YES;
				CLANG_ANALYZER_NUMBER_OBJECT_CONVERSION = YES_AGGRESSIVE;
				CLANG_CXX_LANGUAGE_STANDARD = "gnu++20";
				CLANG_ENABLE_MODULES = YES;
				CLANG_ENABLE_OBJC_ARC = YES;
				CLANG_ENABLE_OBJC_WEAK = YES;
				CLANG_WARN_BLOCK_CAPTURE_AUTORELEASING = YES;
				CLANG_WARN_BOOL_CONVERSION = YES;
				CLANG_WARN_COMMA = YES;
				CLANG_WARN_CONSTANT_CONVERSION = YES;
				CLANG_WARN_DEPRECATED_OBJC_IMPLEMENTATIONS = YES;
				CLANG_WARN_DIRECT_OBJC_ISA_USAGE = YES_ERROR;
				CLANG_WARN_DOCUMENTATION_COMMENTS = YES;
				CLANG_WARN_EMPTY_BODY = YES;
				CLANG_WARN_ENUM_CONVERSION = YES;
				CLANG_WARN_INFINITE_RECURSION = YES;
				CLANG_WARN_INT_CONVERSION = YES;
				CLANG_WARN_NON_LITERAL_NULL_CONVERSION = YES;
				CLANG_WARN_OBJC_IMPLICIT_RETAIN_SELF = YES;
				CLANG_WARN_OBJC_LITERAL_CONVERSION = YES;
				CLANG_WARN_OBJC_ROOT_CLASS = YES_ERROR;
				CLANG_WARN_QUOTED_INCLUDE_IN_FRAMEWORK_HEADER = YES;
				CLANG_WARN_RANGE_LOOP_ANALYSIS = YES;
				CLANG_WARN_STRICT_PROTOTYPES = YES;
				CLANG_WARN_SUSPICIOUS_MOVE = YES;
				CLANG_WARN_UNGUARDED_AVAILABILITY = YES_AGGRESSIVE;
				CLANG_WARN_UNREACHABLE_CODE = YES;
				CLANG_WARN__DUPLICATE_METHOD_MATCH = YES;
				COPY_PHASE_STRIP = NO;
				DEBUG_INFORMATION_FORMAT = dwarf;
				ENABLE_STRICT_OBJC_MSGSEND = YES;
				ENABLE_TESTABILITY = YES;
				ENABLE_USER_SCRIPT_SANDBOXING = YES;
				GCC_C_LANGUAGE_STANDARD = gnu17;
				GCC_DYNAMIC_NO_PIC = NO;
				GCC_NO_COMMON_BLOCKS = YES;
				GCC_OPTIMIZATION_LEVEL = 0;
				GCC_PREPROCESSOR_DEFINITIONS = (
					"DEBUG=1",
					"$(inherited)",
				);
				GCC_WARN_64_TO_32_BIT_CONVERSION = YES;
				GCC_WARN_ABOUT_RETURN_TYPE = YES_ERROR;
				GCC_WARN_UNDECLARED_SELECTOR = YES;
				GCC_WARN_UNINITIALIZED_AUTOS = YES_AGGRESSIVE;
				GCC_WARN_UNUSED_FUNCTION = YES;
				GCC_WARN_UNUSED_VARIABLE = YES;
				LOCALIZATION_PREFERS_STRING_CATALOGS = YES;
				MACOSX_DEPLOYMENT_TARGET = 15.3;
				MTL_ENABLE_DEBUG_INFO = INCLUDE_SOURCE;
				MTL_FAST_MATH = YES;
				ONLY_ACTIVE_ARCH = YES;
				SDKROOT = macosx;
				SWIFT_ACTIVE_COMPILATION_CONDITIONS = "DEBUG $(inherited)";
				SWIFT_OPTIMIZATION_LEVEL = "-Onone";
			};
			name = Debug;
		};
		C866D9302DE1BCB600E230A9 /* Release */ = {
			isa = XCBuildConfiguration;
			buildSettings = {
				ALWAYS_SEARCH_USER_PATHS = NO;
				ASSETCATALOG_COMPILER_GENERATE_SWIFT_ASSET_SYMBOL_EXTENSIONS = YES;
				CLANG_ANALYZER_NONNULL = YES;
				CLANG_ANALYZER_NUMBER_OBJECT_CONVERSION = YES_AGGRESSIVE;
				CLANG_CXX_LANGUAGE_STANDARD = "gnu++20";
				CLANG_ENABLE_MODULES = YES;
				CLANG_ENABLE_OBJC_ARC = YES;
				CLANG_ENABLE_OBJC_WEAK = YES;
				CLANG_WARN_BLOCK_CAPTURE_AUTORELEASING = YES;
				CLANG_WARN_BOOL_CONVERSION = YES;
				CLANG_WARN_COMMA = YES;
				CLANG_WARN_CONSTANT_CONVERSION = YES;
				CLANG_WARN_DEPRECATED_OBJC_IMPLEMENTATIONS = YES;
				CLANG_WARN_DIRECT_OBJC_ISA_USAGE = YES_ERROR;
				CLANG_WARN_DOCUMENTATION_COMMENTS = YES;
				CLANG_WARN_EMPTY_BODY = YES;
				CLANG_WARN_ENUM_CONVERSION = YES;
				CLANG_WARN_INFINITE_RECURSION = YES;
				CLANG_WARN_INT_CONVERSION = YES;
				CLANG_WARN_NON_LITERAL_NULL_CONVERSION = YES;
				CLANG_WARN_OBJC_IMPLICIT_RETAIN_SELF = YES;
				CLANG_WARN_OBJC_LITERAL_CONVERSION = YES;
				CLANG_WARN_OBJC_ROOT_CLASS = YES_ERROR;
				CLANG_WARN_QUOTED_INCLUDE_IN_FRAMEWORK_HEADER = YES;
				CLANG_WARN_RANGE_LOOP_ANALYSIS = YES;
				CLANG_WARN_STRICT_PROTOTYPES = YES;
				CLANG_WARN_SUSPICIOUS_MOVE = YES;
				CLANG_WARN_UNGUARDED_AVAILABILITY = YES_AGGRESSIVE;
				CLANG_WARN_UNREACHABLE_CODE = YES;
				CLANG_WARN__DUPLICATE_METHOD_MATCH = YES;
				COPY_PHASE_STRIP = NO;
				DEBUG_INFORMATION_FORMAT = "dwarf-with-dsym";
				ENABLE_NS_ASSERTIONS = NO;
				ENABLE_STRICT_OBJC_MSGSEND = YES;
				ENABLE_USER_SCRIPT_SANDBOXING = YES;
				GCC_C_LANGUAGE_STANDARD = gnu17;
				GCC_NO_COMMON_BLOCKS = YES;
				GCC_WARN_64_TO_32_BIT_CONVERSION = YES;
				GCC_WARN_ABOUT_RETURN_TYPE = YES_ERROR;
				GCC_WARN_UNDECLARED_SELECTOR = YES;
				GCC_WARN_UNINITIALIZED_AUTOS = YES_AGGRESSIVE;
				GCC_WARN_UNUSED_FUNCTION = YES;
				GCC_WARN_UNUSED_VARIABLE = YES;
				LOCALIZATION_PREFERS_STRING_CATALOGS = YES;
				MACOSX_DEPLOYMENT_TARGET = 15.3;
				MTL_ENABLE_DEBUG_INFO = NO;
				MTL_FAST_MATH = YES;
				SDKROOT = macosx;
				SWIFT_COMPILATION_MODE = wholemodule;
			};
			name = Release;
		};
		C866D9322DE1BCB600E230A9 /* Debug */ = {
			isa = XCBuildConfiguration;
			buildSettings = {
				ASSETCATALOG_COMPILER_APPICON_NAME = AppIcon;
				ASSETCATALOG_COMPILER_GLOBAL_ACCENT_COLOR_NAME = AccentColor;
				CODE_SIGN_ENTITLEMENTS = "Task Calendar/Task_Calendar.entitlements";
				CODE_SIGN_STYLE = Automatic;
				COMBINE_HIDPI_IMAGES = YES;
				CURRENT_PROJECT_VERSION = 1;
				ENABLE_PREVIEWS = YES;
				GENERATE_INFOPLIST_FILE = YES;
				INFOPLIST_KEY_NSHumanReadableCopyright = "";
				LD_RUNPATH_SEARCH_PATHS = (
					"$(inherited)",
					"@executable_path/../Frameworks",
				);
				MARKETING_VERSION = 1.0;
				PRODUCT_BUNDLE_IDENTIFIER = "Wilson.Task-Calendar";
				PRODUCT_NAME = "$(TARGET_NAME)";
				REGISTER_APP_GROUPS = YES;
				SWIFT_EMIT_LOC_STRINGS = YES;
				SWIFT_VERSION = 5.0;
			};
			name = Debug;
		};
		C866D9332DE1BCB600E230A9 /* Release */ = {
			isa = XCBuildConfiguration;
			buildSettings = {
				ASSETCATALOG_COMPILER_APPICON_NAME = AppIcon;
				ASSETCATALOG_COMPILER_GLOBAL_ACCENT_COLOR_NAME = AccentColor;
				CODE_SIGN_ENTITLEMENTS = "Task Calendar/Task_Calendar.entitlements";
				CODE_SIGN_STYLE = Automatic;
				COMBINE_HIDPI_IMAGES = YES;
				CURRENT_PROJECT_VERSION = 1;
				ENABLE_PREVIEWS = YES;
				GENERATE_INFOPLIST_FILE = YES;
				INFOPLIST_KEY_NSHumanReadableCopyright = "";
				LD_RUNPATH_SEARCH_PATHS = (
					"$(inherited)",
					"@executable_path/../Frameworks",
				);
				MARKETING_VERSION = 1.0;
				PRODUCT_BUNDLE_IDENTIFIER = "Wilson.Task-Calendar";
				PRODUCT_NAME = "$(TARGET_NAME)";
				REGISTER_APP_GROUPS = YES;
				SWIFT_EMIT_LOC_STRINGS = YES;
				SWIFT_VERSION = 5.0;
			};
			name = Release;
		};
		C866D9352DE1BCB600E230A9 /* Debug */ = {
			isa = XCBuildConfiguration;
			buildSettings = {
				BUNDLE_LOADER = "$(TEST_HOST)";
				CODE_SIGN_STYLE = Automatic;
				CURRENT_PROJECT_VERSION = 1;
				GENERATE_INFOPLIST_FILE = YES;
				MACOSX_DEPLOYMENT_TARGET = 15.3;
				MARKETING_VERSION = 1.0;
				PRODUCT_BUNDLE_IDENTIFIER = "Wilson.Task-CalendarTests";
				PRODUCT_NAME = "$(TARGET_NAME)";
				SWIFT_EMIT_LOC_STRINGS = NO;
				SWIFT_VERSION = 5.0;
				TEST_HOST = "$(BUILT_PRODUCTS_DIR)/Task Calendar.app/$(BUNDLE_EXECUTABLE_FOLDER_PATH)/Task Calendar";
			};
			name = Debug;
		};
		C866D9362DE1BCB600E230A9 /* Release */ = {
			isa = XCBuildConfiguration;
			buildSettings = {
				BUNDLE_LOADER = "$(TEST_HOST)";
				CODE_SIGN_STYLE = Automatic;
				CURRENT_PROJECT_VERSION = 1;
				GENERATE_INFOPLIST_FILE = YES;
				MACOSX_DEPLOYMENT_TARGET = 15.3;
				MARKETING_VERSION = 1.0;
				PRODUCT_BUNDLE_IDENTIFIER = "Wilson.Task-CalendarTests";
				PRODUCT_NAME = "$(TARGET_NAME)";
				SWIFT_EMIT_LOC_STRINGS = NO;
				SWIFT_VERSION = 5.0;
				TEST_HOST = "$(BUILT_PRODUCTS_DIR)/Task Calendar.app/$(BUNDLE_EXECUTABLE_FOLDER_PATH)/Task Calendar";
			};
			name = Release;
		};
		C866D9382DE1BCB600E230A9 /* Debug */ = {
			isa = XCBuildConfiguration;
			buildSettings = {
				CODE_SIGN_STYLE = Automatic;
				CURRENT_PROJECT_VERSION = 1;
				GENERATE_INFOPLIST_FILE = YES;
				MARKETING_VERSION = 1.0;
				PRODUCT_BUNDLE_IDENTIFIER = "Wilson.Task-CalendarUITests";
				PRODUCT_NAME = "$(TARGET_NAME)";
				SWIFT_EMIT_LOC_STRINGS = NO;
				SWIFT_VERSION = 5.0;
				TEST_TARGET_NAME = "Task Calendar";
			};
			name = Debug;
		};
		C866D9392DE1BCB600E230A9 /* Release */ = {
			isa = XCBuildConfiguration;
			buildSettings = {
				CODE_SIGN_STYLE = Automatic;
				CURRENT_PROJECT_VERSION = 1;
				GENERATE_INFOPLIST_FILE = YES;
				MARKETING_VERSION = 1.0;
				PRODUCT_BUNDLE_IDENTIFIER = "Wilson.Task-CalendarUITests";
				PRODUCT_NAME = "$(TARGET_NAME)";
				SWIFT_EMIT_LOC_STRINGS = NO;
				SWIFT_VERSION = 5.0;
				TEST_TARGET_NAME = "Task Calendar";
			};
			name = Release;
		};
/* End XCBuildConfiguration section */

/* Begin XCConfigurationList section */
		C866D90A2DE1BCB400E230A9 /* Build configuration list for PBXProject "Task Calendar" */ = {
			isa = XCConfigurationList;
			buildConfigurations = (
				C866D92F2DE1BCB600E230A9 /* Debug */,
				C866D9302DE1BCB600E230A9 /* Release */,
			);
			defaultConfigurationIsVisible = 0;
			defaultConfigurationName = Release;
		};
		C866D9312DE1BCB600E230A9 /* Build configuration list for PBXNativeTarget "Task Calendar" */ = {
			isa = XCConfigurationList;
			buildConfigurations = (
				C866D9322DE1BCB600E230A9 /* Debug */,
				C866D9332DE1BCB600E230A9 /* Release */,
			);
			defaultConfigurationIsVisible = 0;
			defaultConfigurationName = Release;
		};
		C866D9342DE1BCB600E230A9 /* Build configuration list for PBXNativeTarget "Task CalendarTests" */ = {
			isa = XCConfigurationList;
			buildConfigurations = (
				C866D9352DE1BCB600E230A9 /* Debug */,
				C866D9362DE1BCB600E230A9 /* Release */,
			);
			defaultConfigurationIsVisible = 0;
			defaultConfigurationName = Release;
		};
		C866D9372DE1BCB600E230A9 /* Build configuration list for PBXNativeTarget "Task CalendarUITests" */ = {
			isa = XCConfigurationList;
			buildConfigurations = (
				C866D9382DE1BCB600E230A9 /* Debug */,
				C866D9392DE1BCB600E230A9 /* Release */,
			);
			defaultConfigurationIsVisible = 0;
			defaultConfigurationName = Release;
		};
/* End XCConfigurationList section */
	};
	rootObject = C866D9072DE1BCB400E230A9 /* Project object */;
}
